
Microsoft Visual Studio Solution File, Format Version 12.00
# Visual Studio Version 16
VisualStudioVersion = 16.0.31205.134
MinimumVisualStudioVersion = 10.0.40219.1
Project("{FAE04EC0-301F-11D3-BF4B-00C04F79EFBC}") = "MobileK63Android", "MobileK63Android\MobileK63Android.csproj", "{0F1F60CD-301E-4FFE-8190-65E990CED4F0}"
EndProject
Project("{FAE04EC0-301F-11D3-BF4B-00C04F79EFBC}") = "K63apiWeb", "K63apiWeb\K63apiWeb.csproj", "{31D99E14-F78B-41D9-ADA7-192668F1959D}"
EndProject
Global
	GlobalSection(SolutionConfigurationPlatforms) = preSolution
		Debug|Any CPU = Debug|Any CPU
		Release|Any CPU = Release|Any CPU
	EndGlobalSection
	GlobalSection(ProjectConfigurationPlatforms) = postSolution
		{0F1F60CD-301E-4FFE-8190-65E990CED4F0}.Debug|Any CPU.ActiveCfg = Debug|Any CPU
		{0F1F60CD-301E-4FFE-8190-65E990CED4F0}.Debug|Any CPU.Build.0 = Debug|Any CPU
		{0F1F60CD-301E-4FFE-8190-65E990CED4F0}.Debug|Any CPU.Deploy.0 = Debug|Any CPU
		{0F1F60CD-301E-4FFE-8190-65E990CED4F0}.Release|Any CPU.ActiveCfg = Release|Any CPU
		{0F1F60CD-301E-4FFE-8190-65E990CED4F0}.Release|Any CPU.Build.0 = Release|Any CPU
		{0F1F60CD-301E-4FFE-8190-65E990CED4F0}.Release|Any CPU.Deploy.0 = Release|Any CPU
		{31D99E14-F78B-41D9-ADA7-192668F1959D}.Debug|Any CPU.ActiveCfg = Debug|Any CPU
		{31D99E14-F78B-41D9-ADA7-192668F1959D}.Debug|Any CPU.Build.0 = Debug|Any CPU
		{31D99E14-F78B-41D9-ADA7-192668F1959D}.Release|Any CPU.ActiveCfg = Release|Any CPU
		{31D99E14-F78B-41D9-ADA7-192668F1959D}.Release|Any CPU.Build.0 = Release|Any CPU
	EndGlobalSection
	GlobalSection(SolutionProperties) = preSolution
		HideSolutionNode = FALSE
	EndGlobalSection
	GlobalSection(ExtensibilityGlobals) = postSolution
		SolutionGuid = {519FC248-3166-49CC-AC67-AEE0C9C7BBCD}
	EndGlobalSection
EndGlobal
